
Microsoft Visual Studio Solution File, Format Version 12.00
# Visual Studio Version 17
VisualStudioVersion = 17.4.33103.184
MinimumVisualStudioVersion = 10.0.40219.1
Project("{FAE04EC0-301F-11D3-BF4B-00C04F79EFBC}") = "WebAPI", "RayaInterviewTask\WebAPI.csproj", "{A690D61D-3EB6-4029-A940-940723391516}"
EndProject
Project("{FAE04EC0-301F-11D3-BF4B-00C04F79EFBC}") = "Domain", "Domain\Domain.csproj", "{551DEC7D-61A1-40CB-8C22-066465C31A59}"
EndProject
Project("{FAE04EC0-301F-11D3-BF4B-00C04F79EFBC}") = "Infrastructure", "Infrastructure\Infrastructure.csproj", "{0E651573-E403-4282-BF39-97F72CD254D6}"
EndProject
Project("{9A19103F-16F7-4668-BE54-9A1E7A4F7556}") = "Application", "Application\Application.csproj", "{E17CAB70-7D3D-4789-8FC4-B9527137E635}"
EndProject
Global
	GlobalSection(SolutionConfigurationPlatforms) = preSolution
		Debug|Any CPU = Debug|Any CPU
		Release|Any CPU = Release|Any CPU
	EndGlobalSection
	GlobalSection(ProjectConfigurationPlatforms) = postSolution
		{A690D61D-3EB6-4029-A940-940723391516}.Debug|Any CPU.ActiveCfg = Debug|Any CPU
		{A690D61D-3EB6-4029-A940-940723391516}.Debug|Any CPU.Build.0 = Debug|Any CPU
		{A690D61D-3EB6-4029-A940-940723391516}.Release|Any CPU.ActiveCfg = Release|Any CPU
		{A690D61D-3EB6-4029-A940-940723391516}.Release|Any CPU.Build.0 = Release|Any CPU
		{551DEC7D-61A1-40CB-8C22-066465C31A59}.Debug|Any CPU.ActiveCfg = Debug|Any CPU
		{551DEC7D-61A1-40CB-8C22-066465C31A59}.Debug|Any CPU.Build.0 = Debug|Any CPU
		{551DEC7D-61A1-40CB-8C22-066465C31A59}.Release|Any CPU.ActiveCfg = Release|Any CPU
		{551DEC7D-61A1-40CB-8C22-066465C31A59}.Release|Any CPU.Build.0 = Release|Any CPU
		{0E651573-E403-4282-BF39-97F72CD254D6}.Debug|Any CPU.ActiveCfg = Debug|Any CPU
		{0E651573-E403-4282-BF39-97F72CD254D6}.Debug|Any CPU.Build.0 = Debug|Any CPU
		{0E651573-E403-4282-BF39-97F72CD254D6}.Release|Any CPU.ActiveCfg = Release|Any CPU
		{0E651573-E403-4282-BF39-97F72CD254D6}.Release|Any CPU.Build.0 = Release|Any CPU
		{E17CAB70-7D3D-4789-8FC4-B9527137E635}.Debug|Any CPU.ActiveCfg = Debug|Any CPU
		{E17CAB70-7D3D-4789-8FC4-B9527137E635}.Debug|Any CPU.Build.0 = Debug|Any CPU
		{E17CAB70-7D3D-4789-8FC4-B9527137E635}.Release|Any CPU.ActiveCfg = Release|Any CPU
		{E17CAB70-7D3D-4789-8FC4-B9527137E635}.Release|Any CPU.Build.0 = Release|Any CPU
	EndGlobalSection
	GlobalSection(SolutionProperties) = preSolution
		HideSolutionNode = FALSE
	EndGlobalSection
	GlobalSection(ExtensibilityGlobals) = postSolution
		SolutionGuid = {109F8439-EBB9-4721-9BE6-E223A77A6114}
	EndGlobalSection
EndGlobal
